
Microsoft Visual Studio Solution File, Format Version 12.00
# Visual Studio Version 16
VisualStudioVersion = 16.0.31624.102
MinimumVisualStudioVersion = 10.0.40219.1
Project("{9A19103F-16F7-4668-BE54-9A1E7A4F7556}") = "ShoppingApi", "WebApi1\ShoppingApi.csproj", "{F8B25FE9-9BFD-45E7-973E-4818230AE772}"
EndProject
Global
	GlobalSection(SolutionConfigurationPlatforms) = preSolution
		Debug|Any CPU = Debug|Any CPU
		Release|Any CPU = Release|Any CPU
	EndGlobalSection
	GlobalSection(ProjectConfigurationPlatforms) = postSolution
		{F8B25FE9-9BFD-45E7-973E-4818230AE772}.Debug|Any CPU.ActiveCfg = Debug|Any CPU
		{F8B25FE9-9BFD-45E7-973E-4818230AE772}.Debug|Any CPU.Build.0 = Debug|Any CPU
		{F8B25FE9-9BFD-45E7-973E-4818230AE772}.Release|Any CPU.ActiveCfg = Release|Any CPU
		{F8B25FE9-9BFD-45E7-973E-4818230AE772}.Release|Any CPU.Build.0 = Release|Any CPU
	EndGlobalSection
	GlobalSection(SolutionProperties) = preSolution
		HideSolutionNode = FALSE
	EndGlobalSection
	GlobalSection(ExtensibilityGlobals) = postSolution
		SolutionGuid = {D4343574-A801-445C-BDB6-BE8929A46477}
	EndGlobalSection
EndGlobal
